<?xml version="1.0" encoding="utf-8"?>
<Project ToolsVersion="4.0" xmlns="http://schemas.microsoft.com/developer/msbuild/2003">
  <ItemGroup>
    <Filter Include="Core">
      <UniqueIdentifier>{af85faf5-4bfc-4124-a3a1-c0c9cdd7eea8}</UniqueIdentifier>
    </Filter>
    <Filter Include="Game">
      <UniqueIdentifier>{2dfcaa87-5011-4830-bcf7-43b2953f5d4d}</UniqueIdentifier>
    </Filter>
    <Filter Include="Core\Client">
      <UniqueIdentifier>{6bac7709-2d99-42f0-8bfc-793892c77432}</UniqueIdentifier>
    </Filter>
    <Filter Include="Game\Client">
      <UniqueIdentifier>{32769ca0-93bf-40a0-910f-35c3b1a8329d}</UniqueIdentifier>
    </Filter>
    <Filter Include="Core\Shared">
      <UniqueIdentifier>{a7932f2c-d2fd-471a-904e-4c5fea283206}</UniqueIdentifier>
    </Filter>
    <Filter Include="Game\Shared">
      <UniqueIdentifier>{a07b61a3-ce00-4533-9e4f-655667542c52}</UniqueIdentifier>
    </Filter>
  </ItemGroup>
  <ItemGroup>
    <ClInclude Include="src\Core\Client\Client.h">
      <Filter>Core\Client</Filter>
    </ClInclude>
    <ClInclude Include="src\Core\Client\Gui.h">
      <Filter>Core\Client</Filter>
    </ClInclude>
    <ClInclude Include="src\Core\Client\LobbyScreen.h">
      <Filter>Core\Client</Filter>
    </ClInclude>
    <ClInclude Include="src\Core\Client\Network.h">
      <Filter>Core\Client</Filter>
    </ClInclude>
    <ClInclude Include="src\Core\Client\PlayingScreen.h">
      <Filter>Core\Client</Filter>
    </ClInclude>
    <ClInclude Include="src\Core\Client\Screen.h">
      <Filter>Core\Client</Filter>
    </ClInclude>
    <ClInclude Include="src\Core\Client\ScreenStack.h">
      <Filter>Core\Client</Filter>
    </ClInclude>
    <ClInclude Include="src\Core\Client\Input.h">
      <Filter>Core\Client</Filter>
    </ClInclude>
    <ClInclude Include="src\Game\Client\Entity.h">
      <Filter>Game\Client</Filter>
    </ClInclude>
    <ClInclude Include="src\Game\Client\Human.h">
      <Filter>Game\Client</Filter>
    </ClInclude>
    <ClInclude Include="src\Core\Client\AssetManager.h">
      <Filter>Core\Client</Filter>
    </ClInclude>
    <ClInclude Include="src\Core\Client\RoomScreen.h">
      <Filter>Core\Client</Filter>
    </ClInclude>
    <ClInclude Include="src\Core\Protocol.h">
      <Filter>Core\Shared</Filter>
    </ClInclude>
    <ClInclude Include="src\Core\Parser.h">
      <Filter>Core\Shared</Filter>
    </ClInclude>
    <ClInclude Include="src\Core\Packer.h">
      <Filter>Core\Shared</Filter>
    </ClInclude>
    <ClInclude Include="src\Core\Logger.h">
      <Filter>Core\Shared</Filter>
    </ClInclude>
    <ClInclude Include="src\Core\ENetUtility.h">
      <Filter>Core\Shared</Filter>
    </ClInclude>
    <ClInclude Include="src\Game\NetObject.h">
      <Filter>Game\Shared</Filter>
    </ClInclude>
    <ClInclude Include="src\Game\Control.h">
      <Filter>Game\Shared</Filter>
    </ClInclude>
    <ClInclude Include="src\Game\Map.h">
      <Filter>Game\Shared</Filter>
    </ClInclude>
    <ClInclude Include="src\Game\Aabb.h">
      <Filter>Game\Shared</Filter>
    </ClInclude>
    <ClInclude Include="src\Core\Utility.h">
      <Filter>Core\Shared</Filter>
    </ClInclude>
    <ClInclude Include="src\Game\GameConfig.h">
      <Filter>Game\Shared</Filter>
    </ClInclude>
    <ClInclude Include="src\Game\Snapshot.h">
      <Filter>Core\Shared</Filter>
    </ClInclude>
    <ClInclude Include="src\Game\GameCore.h">
      <Filter>Game\Shared</Filter>
    </ClInclude>
    <ClInclude Include="src\Game\Client\Projectile.h">
      <Filter>Game\Client</Filter>
    </ClInclude>
    <ClInclude Include="src\Game\Client\Zombie.h">
      <Filter>Game\Client</Filter>
    </ClInclude>
    <ClInclude Include="src\Game\Enums.h">
      <Filter>Game\Shared</Filter>
    </ClInclude>
    <ClInclude Include="src\Core\Client\Graph.h">
      <Filter>Core\Client</Filter>
    </ClInclude>
  </ItemGroup>
  <ItemGroup>
    <ClCompile Include="src\Core\Client\Client.cpp">
      <Filter>Core\Client</Filter>
    </ClCompile>
    <ClCompile Include="src\Core\Client\ClientMain.cpp">
      <Filter>Core\Client</Filter>
    </ClCompile>
    <ClCompile Include="src\Core\Client\Gui.cpp">
      <Filter>Core\Client</Filter>
    </ClCompile>
    <ClCompile Include="src\Core\Client\LobbyScreen.cpp">
      <Filter>Core\Client</Filter>
    </ClCompile>
    <ClCompile Include="src\Core\Client\Network.cpp">
      <Filter>Core\Client</Filter>
    </ClCompile>
    <ClCompile Include="src\Core\Client\PlayingScreen.cpp">
      <Filter>Core\Client</Filter>
    </ClCompile>
    <ClCompile Include="src\Core\Client\ScreenStack.cpp">
      <Filter>Core\Client</Filter>
    </ClCompile>
    <ClCompile Include="src\Core\Client\Input.cpp">
      <Filter>Core\Client</Filter>
    </ClCompile>
    <ClCompile Include="src\Game\Client\Entity.cpp">
      <Filter>Game\Client</Filter>
    </ClCompile>
    <ClCompile Include="src\Game\Client\Human.cpp">
      <Filter>Game\Client</Filter>
    </ClCompile>
    <ClCompile Include="src\Core\Client\AssetManager.cpp">
      <Filter>Core\Client</Filter>
    </ClCompile>
    <ClCompile Include="src\Core\Client\RoomScreen.cpp">
      <Filter>Core\Client</Filter>
    </ClCompile>
    <ClCompile Include="src\Core\Parser.cpp">
      <Filter>Core\Shared</Filter>
    </ClCompile>
    <ClCompile Include="src\Core\Packer.cpp">
      <Filter>Core\Shared</Filter>
    </ClCompile>
    <ClCompile Include="src\Core\Logger.cpp">
      <Filter>Core\Shared</Filter>
    </ClCompile>
    <ClCompile Include="src\Core\ENetUtility.cpp">
      <Filter>Core\Shared</Filter>
    </ClCompile>
    <ClCompile Include="src\Game\NetObject.cpp">
      <Filter>Game\Shared</Filter>
    </ClCompile>
    <ClCompile Include="src\Game\Map.cpp">
      <Filter>Game\Shared</Filter>
    </ClCompile>
    <ClCompile Include="src\Game\Snapshot.cpp">
      <Filter>Core\Shared</Filter>
    </ClCompile>
    <ClCompile Include="src\Game\GameCore.cpp">
      <Filter>Game\Shared</Filter>
    </ClCompile>
    <ClCompile Include="src\Game\Client\Projectile.cpp">
      <Filter>Game\Client</Filter>
    </ClCompile>
    <ClCompile Include="src\Game\Client\Zombie.cpp">
      <Filter>Game\Client</Filter>
    </ClCompile>
    <ClCompile Include="src\Core\Client\Graph.cpp">
      <Filter>Core\Client</Filter>
    </ClCompile>
  </ItemGroup>
  <ItemGroup>
    <None Include="src\Core\Packer.inl">
      <Filter>Core\Shared</Filter>
    </None>
  </ItemGroup>
</Project>