<?xml version="1.0" encoding="utf-8"?>
<Project ToolsVersion="4.0" xmlns="http://schemas.microsoft.com/developer/msbuild/2003">
  <ItemGroup>
    <Filter Include="Core">
      <UniqueIdentifier>{afe5008c-3e01-46d1-94bd-d97acc87c0a5}</UniqueIdentifier>
    </Filter>
    <Filter Include="Game">
      <UniqueIdentifier>{450ba8a8-93d9-4622-ac7b-1de094ac7142}</UniqueIdentifier>
    </Filter>
    <Filter Include="Core\Server">
      <UniqueIdentifier>{c912a868-15cc-4312-8039-f1d60b96e38d}</UniqueIdentifier>
    </Filter>
    <Filter Include="Game\Server">
      <UniqueIdentifier>{7438ce65-fbaa-4103-869d-3e3868a88498}</UniqueIdentifier>
    </Filter>
  </ItemGroup>
  <ItemGroup>
    <ClInclude Include="src\Core\Aabb.h">
      <Filter>Core</Filter>
    </ClInclude>
    <ClInclude Include="src\Core\ENetUtility.h">
      <Filter>Core</Filter>
    </ClInclude>
    <ClInclude Include="src\Core\Logger.h">
      <Filter>Core</Filter>
    </ClInclude>
    <ClInclude Include="src\Core\Parser.h">
      <Filter>Core</Filter>
    </ClInclude>
    <ClInclude Include="src\Core\Protocol.h">
      <Filter>Core</Filter>
    </ClInclude>
    <ClInclude Include="src\Game\Server\Entity.h">
      <Filter>Game\Server</Filter>
    </ClInclude>
    <ClInclude Include="src\Game\Server\GameWorld.h">
      <Filter>Game\Server</Filter>
    </ClInclude>
    <ClInclude Include="src\Core\Server\Server.h">
      <Filter>Core\Server</Filter>
    </ClInclude>
    <ClInclude Include="src\Game\Snapshot.h">
      <Filter>Game</Filter>
    </ClInclude>
    <ClInclude Include="src\Core\Packer.h">
      <Filter>Core</Filter>
    </ClInclude>
    <ClInclude Include="src\Game\Control.h">
      <Filter>Game</Filter>
    </ClInclude>
    <ClInclude Include="src\Game\GameCore.h">
      <Filter>Game</Filter>
    </ClInclude>
    <ClInclude Include="src\Game\Server\Human.h">
      <Filter>Game\Server</Filter>
    </ClInclude>
    <ClInclude Include="src\Core\MathUtility.h">
      <Filter>Core</Filter>
    </ClInclude>
    <ClInclude Include="src\Core\Server\Peer.h">
      <Filter>Core\Server</Filter>
    </ClInclude>
    <ClInclude Include="src\Core\IdPool.h">
      <Filter>Core</Filter>
    </ClInclude>
    <ClInclude Include="src\Game\CharacterCore.h">
      <Filter>Game</Filter>
    </ClInclude>
  </ItemGroup>
  <ItemGroup>
    <ClCompile Include="src\Core\ENetUtility.cpp">
      <Filter>Core</Filter>
    </ClCompile>
    <ClCompile Include="src\Core\Logger.cpp">
      <Filter>Core</Filter>
    </ClCompile>
    <ClCompile Include="src\Core\Parser.cpp">
      <Filter>Core</Filter>
    </ClCompile>
    <ClCompile Include="src\Game\Server\GameWorld.cpp">
      <Filter>Game\Server</Filter>
    </ClCompile>
    <ClCompile Include="src\Core\Server\Server.cpp">
      <Filter>Core\Server</Filter>
    </ClCompile>
    <ClCompile Include="src\Core\Server\ServerMain.cpp">
      <Filter>Core\Server</Filter>
    </ClCompile>
    <ClCompile Include="src\Game\Server\Entity.cpp">
      <Filter>Game\Server</Filter>
    </ClCompile>
    <ClCompile Include="src\Core\Packer.cpp">
      <Filter>Core</Filter>
    </ClCompile>
    <ClCompile Include="src\Game\Server\Human.cpp">
      <Filter>Game\Server</Filter>
    </ClCompile>
    <ClCompile Include="src\Core\Server\Peer.cpp">
      <Filter>Core\Server</Filter>
    </ClCompile>
    <ClCompile Include="src\Game\CharacterCore.cpp">
      <Filter>Game</Filter>
    </ClCompile>
  </ItemGroup>
  <ItemGroup>
    <None Include="src\Core\Packer.inl">
      <Filter>Core</Filter>
    </None>
  </ItemGroup>
</Project>