<?xml version="1.0" encoding="utf-8"?>
<Project ToolsVersion="4.0" xmlns="http://schemas.microsoft.com/developer/msbuild/2003">
  <ItemGroup>
    <Filter Include="Core">
      <UniqueIdentifier>{afe5008c-3e01-46d1-94bd-d97acc87c0a5}</UniqueIdentifier>
    </Filter>
    <Filter Include="Game">
      <UniqueIdentifier>{450ba8a8-93d9-4622-ac7b-1de094ac7142}</UniqueIdentifier>
    </Filter>
    <Filter Include="Core\Server">
      <UniqueIdentifier>{c912a868-15cc-4312-8039-f1d60b96e38d}</UniqueIdentifier>
    </Filter>
    <Filter Include="Game\Server">
      <UniqueIdentifier>{7438ce65-fbaa-4103-869d-3e3868a88498}</UniqueIdentifier>
    </Filter>
    <Filter Include="Core\Shared">
      <UniqueIdentifier>{eda32855-d5ed-413e-9474-4577693d9f36}</UniqueIdentifier>
    </Filter>
    <Filter Include="Game\Shared">
      <UniqueIdentifier>{6a3e3ceb-61ef-4d1c-ab9a-ba605663631b}</UniqueIdentifier>
    </Filter>
    <Filter Include="Game\Server\GameContext">
      <UniqueIdentifier>{e3aa29e4-3e46-4d15-baf0-63e2239b6a6b}</UniqueIdentifier>
    </Filter>
    <Filter Include="Game\Server\Entity">
      <UniqueIdentifier>{7753812d-b963-4a80-b29a-325c1348be6e}</UniqueIdentifier>
    </Filter>
    <Filter Include="Game\Shared\NetObject">
      <UniqueIdentifier>{7f3bc6b1-cf28-4308-be46-585296707c5c}</UniqueIdentifier>
    </Filter>
  </ItemGroup>
  <ItemGroup>
    <ClInclude Include="src\Game\Server\Entity.h">
      <Filter>Game\Server</Filter>
    </ClInclude>
    <ClInclude Include="src\Game\Server\GameWorld.h">
      <Filter>Game\Server</Filter>
    </ClInclude>
    <ClInclude Include="src\Core\Server\Server.h">
      <Filter>Core\Server</Filter>
    </ClInclude>
    <ClInclude Include="src\Core\Protocol.h">
      <Filter>Core\Shared</Filter>
    </ClInclude>
    <ClInclude Include="src\Core\Parser.h">
      <Filter>Core\Shared</Filter>
    </ClInclude>
    <ClInclude Include="src\Core\Packer.h">
      <Filter>Core\Shared</Filter>
    </ClInclude>
    <ClInclude Include="src\Core\Logger.h">
      <Filter>Core\Shared</Filter>
    </ClInclude>
    <ClInclude Include="src\Core\IdPool.h">
      <Filter>Core\Shared</Filter>
    </ClInclude>
    <ClInclude Include="src\Core\ENetUtility.h">
      <Filter>Core\Shared</Filter>
    </ClInclude>
    <ClInclude Include="src\Game\NetObject.h">
      <Filter>Game\Shared</Filter>
    </ClInclude>
    <ClInclude Include="src\Game\Aabb.h">
      <Filter>Game\Shared</Filter>
    </ClInclude>
    <ClInclude Include="src\Core\Utility.h">
      <Filter>Core\Shared</Filter>
    </ClInclude>
    <ClInclude Include="src\Game\GameConfig.h">
      <Filter>Game\Shared</Filter>
    </ClInclude>
    <ClInclude Include="src\Game\Snapshot.h">
      <Filter>Core\Shared</Filter>
    </ClInclude>
    <ClInclude Include="src\Game\GameCore.h">
      <Filter>Game\Shared</Filter>
    </ClInclude>
    <ClInclude Include="src\Game\Map.h">
      <Filter>Game\Shared</Filter>
    </ClInclude>
    <ClInclude Include="src\Game\Enums.h">
      <Filter>Game\Shared</Filter>
    </ClInclude>
    <ClInclude Include="src\Game\NetInput.h">
      <Filter>Game\Shared</Filter>
    </ClInclude>
    <ClInclude Include="src\Game\Server\GameContext.h">
      <Filter>Game\Server</Filter>
    </ClInclude>
    <ClInclude Include="src\Core\Rle.h">
      <Filter>Core\Shared</Filter>
    </ClInclude>
    <ClInclude Include="src\Game\Server\GameContext\Infection.h">
      <Filter>Game\Server\GameContext</Filter>
    </ClInclude>
    <ClInclude Include="src\Game\Server\Entity\Human.h">
      <Filter>Game\Server\Entity</Filter>
    </ClInclude>
    <ClInclude Include="src\Game\Server\Entity\Projectile.h">
      <Filter>Game\Server\Entity</Filter>
    </ClInclude>
    <ClInclude Include="src\Game\Server\Entity\Zombie.h">
      <Filter>Game\Server\Entity</Filter>
    </ClInclude>
    <ClInclude Include="src\Game\Server\Entity\TransientEntities.h">
      <Filter>Game\Server\Entity</Filter>
    </ClInclude>
    <ClInclude Include="src\Game\Server\Entity\Item.h">
      <Filter>Game\Server\Entity</Filter>
    </ClInclude>
    <ClInclude Include="src\Game\Server\GameContext\Vanilla.h">
      <Filter>Game\Server\GameContext</Filter>
    </ClInclude>
    <ClInclude Include="src\Core\Server\Peer.h">
      <Filter>Core\Server</Filter>
    </ClInclude>
    <ClInclude Include="src\Game\Server\Player.h">
      <Filter>Game\Server</Filter>
    </ClInclude>
    <ClInclude Include="src\Game\NetObject\NetExplosion.h">
      <Filter>Game\Shared\NetObject</Filter>
    </ClInclude>
    <ClInclude Include="src\Game\NetObject\NetHuman.h">
      <Filter>Game\Shared\NetObject</Filter>
    </ClInclude>
    <ClInclude Include="src\Game\NetObject\NetItem.h">
      <Filter>Game\Shared\NetObject</Filter>
    </ClInclude>
    <ClInclude Include="src\Game\NetObject\NetPlayerInfo.h">
      <Filter>Game\Shared\NetObject</Filter>
    </ClInclude>
    <ClInclude Include="src\Game\NetObject\NetProjectile.h">
      <Filter>Game\Shared\NetObject</Filter>
    </ClInclude>
    <ClInclude Include="src\Game\NetObject\NetZombie.h">
      <Filter>Game\Shared\NetObject</Filter>
    </ClInclude>
    <ClInclude Include="src\Game\Server\Entity\Character.h">
      <Filter>Game\Server\Entity</Filter>
    </ClInclude>
    <ClInclude Include="src\Game\Server\Entity\Cart.h">
      <Filter>Game\Server\Entity</Filter>
    </ClInclude>
    <ClInclude Include="src\Game\NetObject\NetCart.h">
      <Filter>Game\Shared\NetObject</Filter>
    </ClInclude>
  </ItemGroup>
  <ItemGroup>
    <ClCompile Include="src\Game\Server\GameWorld.cpp">
      <Filter>Game\Server</Filter>
    </ClCompile>
    <ClCompile Include="src\Core\Server\Server.cpp">
      <Filter>Core\Server</Filter>
    </ClCompile>
    <ClCompile Include="src\Core\Server\ServerMain.cpp">
      <Filter>Core\Server</Filter>
    </ClCompile>
    <ClCompile Include="src\Game\Server\Entity.cpp">
      <Filter>Game\Server</Filter>
    </ClCompile>
    <ClCompile Include="src\Core\Parser.cpp">
      <Filter>Core\Shared</Filter>
    </ClCompile>
    <ClCompile Include="src\Core\Packer.cpp">
      <Filter>Core\Shared</Filter>
    </ClCompile>
    <ClCompile Include="src\Core\Logger.cpp">
      <Filter>Core\Shared</Filter>
    </ClCompile>
    <ClCompile Include="src\Core\ENetUtility.cpp">
      <Filter>Core\Shared</Filter>
    </ClCompile>
    <ClCompile Include="src\Game\NetObject.cpp">
      <Filter>Game\Shared</Filter>
    </ClCompile>
    <ClCompile Include="src\Game\Snapshot.cpp">
      <Filter>Core\Shared</Filter>
    </ClCompile>
    <ClCompile Include="src\Game\GameCore.cpp">
      <Filter>Game\Shared</Filter>
    </ClCompile>
    <ClCompile Include="src\Game\Map.cpp">
      <Filter>Game\Shared</Filter>
    </ClCompile>
    <ClCompile Include="src\Game\NetInput.cpp">
      <Filter>Game\Shared</Filter>
    </ClCompile>
    <ClCompile Include="src\Game\Aabb.cpp">
      <Filter>Game\Shared</Filter>
    </ClCompile>
    <ClCompile Include="src\Game\Server\GameContext.cpp">
      <Filter>Game\Server</Filter>
    </ClCompile>
    <ClCompile Include="src\Core\Utility.cpp">
      <Filter>Core\Shared</Filter>
    </ClCompile>
    <ClCompile Include="src\Core\Rle.cpp">
      <Filter>Core\Shared</Filter>
    </ClCompile>
    <ClCompile Include="src\Game\Server\GameContext\Infection.cpp">
      <Filter>Game\Server\GameContext</Filter>
    </ClCompile>
    <ClCompile Include="src\Game\Server\Entity\Human.cpp">
      <Filter>Game\Server\Entity</Filter>
    </ClCompile>
    <ClCompile Include="src\Game\Server\Entity\Projectile.cpp">
      <Filter>Game\Server\Entity</Filter>
    </ClCompile>
    <ClCompile Include="src\Game\Server\Entity\Zombie.cpp">
      <Filter>Game\Server\Entity</Filter>
    </ClCompile>
    <ClCompile Include="src\Game\Server\Entity\TransientEntities.cpp">
      <Filter>Game\Server\Entity</Filter>
    </ClCompile>
    <ClCompile Include="src\Game\Server\Entity\Item.cpp">
      <Filter>Game\Server\Entity</Filter>
    </ClCompile>
    <ClCompile Include="src\Game\Server\GameContext\Vanilla.cpp">
      <Filter>Game\Server\GameContext</Filter>
    </ClCompile>
    <ClCompile Include="src\Core\Server\Peer.cpp">
      <Filter>Core\Server</Filter>
    </ClCompile>
    <ClCompile Include="src\Game\Server\Player.cpp">
      <Filter>Game\Server</Filter>
    </ClCompile>
    <ClCompile Include="src\Game\NetObject\NetExplosion.cpp">
      <Filter>Game\Shared\NetObject</Filter>
    </ClCompile>
    <ClCompile Include="src\Game\NetObject\NetHuman.cpp">
      <Filter>Game\Shared\NetObject</Filter>
    </ClCompile>
    <ClCompile Include="src\Game\NetObject\NetItem.cpp">
      <Filter>Game\Shared\NetObject</Filter>
    </ClCompile>
    <ClCompile Include="src\Game\NetObject\NetPlayerInfo.cpp">
      <Filter>Game\Shared\NetObject</Filter>
    </ClCompile>
    <ClCompile Include="src\Game\NetObject\NetProjectile.cpp">
      <Filter>Game\Shared\NetObject</Filter>
    </ClCompile>
    <ClCompile Include="src\Game\NetObject\NetZombie.cpp">
      <Filter>Game\Shared\NetObject</Filter>
    </ClCompile>
    <ClCompile Include="src\Game\Server\Entity\Character.cpp">
      <Filter>Game\Server\Entity</Filter>
    </ClCompile>
    <ClCompile Include="src\Game\Server\Entity\Cart.cpp">
      <Filter>Game\Server\Entity</Filter>
    </ClCompile>
    <ClCompile Include="src\Game\NetObject\NetCart.cpp">
      <Filter>Game\Shared\NetObject</Filter>
    </ClCompile>
  </ItemGroup>
  <ItemGroup>
    <None Include="src\Core\Packer.inl">
      <Filter>Core\Shared</Filter>
    </None>
  </ItemGroup>
</Project>